// !$*UTF8*$!
{
	archiveVersion = 1;
	classes = {
	};
	objectVersion = 56;
	objects = {

/* Begin PBXBuildFile section */
		BB43879D2D5FA0FF0089DD64 /* AppTabView.swift in Sources */ = {isa = PBXBuildFile; fileRef = BB43879C2D5FA0FF0089DD64 /* AppTabView.swift */; };
		BB4387A82D5FAFBE0089DD64 /* Feature in Frameworks */ = {isa = PBXBuildFile; productRef = BB4387A72D5FAFBE0089DD64 /* Feature */; };
		BB4387AB2D5FF4470089DD64 /* AppCoordinator.swift in Sources */ = {isa = PBXBuildFile; fileRef = BB4387AA2D5FF4470089DD64 /* AppCoordinator.swift */; };
		BB4387AD2D5FF4B70089DD64 /* Navigation in Frameworks */ = {isa = PBXBuildFile; productRef = BB4387AC2D5FF4B70089DD64 /* Navigation */; };
		BBBDE8FF2D5E896400CDCE10 /* BooksApp.swift in Sources */ = {isa = PBXBuildFile; fileRef = BBBDE8FE2D5E896400CDCE10 /* BooksApp.swift */; };
		BBBDE9032D5E896700CDCE10 /* Assets.xcassets in Resources */ = {isa = PBXBuildFile; fileRef = BBBDE9022D5E896700CDCE10 /* Assets.xcassets */; };
		BBBDE9102D5E896700CDCE10 /* BooksTests.swift in Sources */ = {isa = PBXBuildFile; fileRef = BBBDE90F2D5E896700CDCE10 /* BooksTests.swift */; };
		BBDDD3EA2D5F93F50063EDAF /* Localizable.xcstrings in Resources */ = {isa = PBXBuildFile; fileRef = BBDDD3E92D5F93F40063EDAF /* Localizable.xcstrings */; };
/* End PBXBuildFile section */

/* Begin PBXContainerItemProxy section */
		BBBDE90C2D5E896700CDCE10 /* PBXContainerItemProxy */ = {
			isa = PBXContainerItemProxy;
			containerPortal = BBBDE8F32D5E896400CDCE10 /* Project object */;
			proxyType = 1;
			remoteGlobalIDString = BBBDE8FA2D5E896400CDCE10;
			remoteInfo = Books;
		};
/* End PBXContainerItemProxy section */

/* Begin PBXFileReference section */
		BB43879C2D5FA0FF0089DD64 /* AppTabView.swift */ = {isa = PBXFileReference; lastKnownFileType = sourcecode.swift; path = AppTabView.swift; sourceTree = "<group>"; };
		BB4387AA2D5FF4470089DD64 /* AppCoordinator.swift */ = {isa = PBXFileReference; lastKnownFileType = sourcecode.swift; path = AppCoordinator.swift; sourceTree = "<group>"; };
		BBBDE8FB2D5E896400CDCE10 /* Books.app */ = {isa = PBXFileReference; explicitFileType = wrapper.application; includeInIndex = 0; path = Books.app; sourceTree = BUILT_PRODUCTS_DIR; };
		BBBDE8FE2D5E896400CDCE10 /* BooksApp.swift */ = {isa = PBXFileReference; lastKnownFileType = sourcecode.swift; path = BooksApp.swift; sourceTree = "<group>"; };
		BBBDE9022D5E896700CDCE10 /* Assets.xcassets */ = {isa = PBXFileReference; lastKnownFileType = folder.assetcatalog; path = Assets.xcassets; sourceTree = "<group>"; };
		BBBDE90B2D5E896700CDCE10 /* BooksTests.xctest */ = {isa = PBXFileReference; explicitFileType = wrapper.cfbundle; includeInIndex = 0; path = BooksTests.xctest; sourceTree = BUILT_PRODUCTS_DIR; };
		BBBDE90F2D5E896700CDCE10 /* BooksTests.swift */ = {isa = PBXFileReference; lastKnownFileType = sourcecode.swift; path = BooksTests.swift; sourceTree = "<group>"; };
		BBDDD3DE2D5F8D340063EDAF /* Development.xcconfig */ = {isa = PBXFileReference; lastKnownFileType = text.xcconfig; path = Development.xcconfig; sourceTree = "<group>"; };
		BBDDD3DF2D5F8D940063EDAF /* Release.xcconfig */ = {isa = PBXFileReference; lastKnownFileType = text.xcconfig; path = Release.xcconfig; sourceTree = "<group>"; };
		BBDDD3E92D5F93F40063EDAF /* Localizable.xcstrings */ = {isa = PBXFileReference; lastKnownFileType = text.json.xcstrings; path = Localizable.xcstrings; sourceTree = "<group>"; };
/* End PBXFileReference section */

/* Begin PBXFrameworksBuildPhase section */
		BBBDE8F82D5E896400CDCE10 /* Frameworks */ = {
			isa = PBXFrameworksBuildPhase;
			buildActionMask = 2147483647;
			files = (
				BB4387AD2D5FF4B70089DD64 /* Navigation in Frameworks */,
				BB4387A82D5FAFBE0089DD64 /* Feature in Frameworks */,
			);
			runOnlyForDeploymentPostprocessing = 0;
		};
		BBBDE9082D5E896700CDCE10 /* Frameworks */ = {
			isa = PBXFrameworksBuildPhase;
			buildActionMask = 2147483647;
			files = (
			);
			runOnlyForDeploymentPostprocessing = 0;
		};
/* End PBXFrameworksBuildPhase section */

/* Begin PBXGroup section */
		BB43879B2D5FA0E90089DD64 /* Components */ = {
			isa = PBXGroup;
			children = (
				BB43879C2D5FA0FF0089DD64 /* AppTabView.swift */,
			);
			path = Components;
			sourceTree = "<group>";
		};
		BB43879E2D5FA57B0089DD64 /* Frameworks */ = {
			isa = PBXGroup;
			children = (
			);
			name = Frameworks;
			sourceTree = "<group>";
		};
		BB4387A92D5FF42E0089DD64 /* Navigation */ = {
			isa = PBXGroup;
			children = (
				BB4387AA2D5FF4470089DD64 /* AppCoordinator.swift */,
			);
			path = Navigation;
			sourceTree = "<group>";
		};
		BBBDE8F22D5E896400CDCE10 = {
			isa = PBXGroup;
			children = (
				BBBDE8FD2D5E896400CDCE10 /* Books */,
				BBBDE90E2D5E896700CDCE10 /* BooksTests */,
				BBBDE8FC2D5E896400CDCE10 /* Products */,
				BB43879E2D5FA57B0089DD64 /* Frameworks */,
			);
			sourceTree = "<group>";
		};
		BBBDE8FC2D5E896400CDCE10 /* Products */ = {
			isa = PBXGroup;
			children = (
				BBBDE8FB2D5E896400CDCE10 /* Books.app */,
				BBBDE90B2D5E896700CDCE10 /* BooksTests.xctest */,
			);
			name = Products;
			sourceTree = "<group>";
		};
		BBBDE8FD2D5E896400CDCE10 /* Books */ = {
			isa = PBXGroup;
			children = (
				BBDDD3E62D5F93790063EDAF /* App */,
				BB43879B2D5FA0E90089DD64 /* Components */,
				BBDDD3DD2D5F8D1D0063EDAF /* Config */,
				BB4387A92D5FF42E0089DD64 /* Navigation */,
				BBDDD3E72D5F938B0063EDAF /* Resources */,
				BBDDD3E82D5F93E60063EDAF /* SupportingFiles */,
			);
			path = Books;
			sourceTree = "<group>";
		};
		BBBDE90E2D5E896700CDCE10 /* BooksTests */ = {
			isa = PBXGroup;
			children = (
				BBBDE90F2D5E896700CDCE10 /* BooksTests.swift */,
			);
			path = BooksTests;
			sourceTree = "<group>";
		};
		BBDDD3DD2D5F8D1D0063EDAF /* Config */ = {
			isa = PBXGroup;
			children = (
				BBDDD3DE2D5F8D340063EDAF /* Development.xcconfig */,
				BBDDD3DF2D5F8D940063EDAF /* Release.xcconfig */,
			);
			path = Config;
			sourceTree = "<group>";
		};
		BBDDD3E62D5F93790063EDAF /* App */ = {
			isa = PBXGroup;
			children = (
				BBBDE8FE2D5E896400CDCE10 /* BooksApp.swift */,
			);
			path = App;
			sourceTree = "<group>";
		};
		BBDDD3E72D5F938B0063EDAF /* Resources */ = {
			isa = PBXGroup;
			children = (
				BBBDE9022D5E896700CDCE10 /* Assets.xcassets */,
			);
			path = Resources;
			sourceTree = "<group>";
		};
		BBDDD3E82D5F93E60063EDAF /* SupportingFiles */ = {
			isa = PBXGroup;
			children = (
				BBDDD3E92D5F93F40063EDAF /* Localizable.xcstrings */,
			);
			path = SupportingFiles;
			sourceTree = "<group>";
		};
/* End PBXGroup section */

/* Begin PBXNativeTarget section */
		BBBDE8FA2D5E896400CDCE10 /* Books */ = {
			isa = PBXNativeTarget;
			buildConfigurationList = BBBDE91F2D5E896700CDCE10 /* Build configuration list for PBXNativeTarget "Books" */;
			buildPhases = (
				BBBDE8F72D5E896400CDCE10 /* Sources */,
				BBBDE8F82D5E896400CDCE10 /* Frameworks */,
				BBBDE8F92D5E896400CDCE10 /* Resources */,
			);
			buildRules = (
			);
			dependencies = (
			);
			name = Books;
			packageProductDependencies = (
				BB4387A72D5FAFBE0089DD64 /* Feature */,
				BB4387AC2D5FF4B70089DD64 /* Navigation */,
			);
			productName = Books;
			productReference = BBBDE8FB2D5E896400CDCE10 /* Books.app */;
			productType = "com.apple.product-type.application";
		};
		BBBDE90A2D5E896700CDCE10 /* BooksTests */ = {
			isa = PBXNativeTarget;
			buildConfigurationList = BBBDE9222D5E896700CDCE10 /* Build configuration list for PBXNativeTarget "BooksTests" */;
			buildPhases = (
				BBBDE9072D5E896700CDCE10 /* Sources */,
				BBBDE9082D5E896700CDCE10 /* Frameworks */,
				BBBDE9092D5E896700CDCE10 /* Resources */,
			);
			buildRules = (
			);
			dependencies = (
				BBBDE90D2D5E896700CDCE10 /* PBXTargetDependency */,
			);
			name = BooksTests;
			productName = BooksTests;
			productReference = BBBDE90B2D5E896700CDCE10 /* BooksTests.xctest */;
			productType = "com.apple.product-type.bundle.unit-test";
		};
/* End PBXNativeTarget section */

/* Begin PBXProject section */
		BBBDE8F32D5E896400CDCE10 /* Project object */ = {
			isa = PBXProject;
			attributes = {
				BuildIndependentTargetsInParallel = 1;
				LastSwiftUpdateCheck = 1520;
				LastUpgradeCheck = 1520;
				TargetAttributes = {
					BBBDE8FA2D5E896400CDCE10 = {
						CreatedOnToolsVersion = 15.2;
					};
					BBBDE90A2D5E896700CDCE10 = {
						CreatedOnToolsVersion = 15.2;
						TestTargetID = BBBDE8FA2D5E896400CDCE10;
					};
				};
			};
			buildConfigurationList = BBBDE8F62D5E896400CDCE10 /* Build configuration list for PBXProject "Books" */;
			compatibilityVersion = "Xcode 14.0";
			developmentRegion = en;
			hasScannedForEncodings = 0;
			knownRegions = (
				en,
				Base,
			);
			mainGroup = BBBDE8F22D5E896400CDCE10;
			packageReferences = (
			);
			productRefGroup = BBBDE8FC2D5E896400CDCE10 /* Products */;
			projectDirPath = "";
			projectRoot = "";
			targets = (
				BBBDE8FA2D5E896400CDCE10 /* Books */,
				BBBDE90A2D5E896700CDCE10 /* BooksTests */,
			);
		};
/* End PBXProject section */

/* Begin PBXResourcesBuildPhase section */
		BBBDE8F92D5E896400CDCE10 /* Resources */ = {
			isa = PBXResourcesBuildPhase;
			buildActionMask = 2147483647;
			files = (
				BBDDD3EA2D5F93F50063EDAF /* Localizable.xcstrings in Resources */,
				BBBDE9032D5E896700CDCE10 /* Assets.xcassets in Resources */,
			);
			runOnlyForDeploymentPostprocessing = 0;
		};
		BBBDE9092D5E896700CDCE10 /* Resources */ = {
			isa = PBXResourcesBuildPhase;
			buildActionMask = 2147483647;
			files = (
			);
			runOnlyForDeploymentPostprocessing = 0;
		};
/* End PBXResourcesBuildPhase section */

/* Begin PBXSourcesBuildPhase section */
		BBBDE8F72D5E896400CDCE10 /* Sources */ = {
			isa = PBXSourcesBuildPhase;
			buildActionMask = 2147483647;
			files = (
				BB4387AB2D5FF4470089DD64 /* AppCoordinator.swift in Sources */,
				BB43879D2D5FA0FF0089DD64 /* AppTabView.swift in Sources */,
				BBBDE8FF2D5E896400CDCE10 /* BooksApp.swift in Sources */,
			);
			runOnlyForDeploymentPostprocessing = 0;
		};
		BBBDE9072D5E896700CDCE10 /* Sources */ = {
			isa = PBXSourcesBuildPhase;
			buildActionMask = 2147483647;
			files = (
				BBBDE9102D5E896700CDCE10 /* BooksTests.swift in Sources */,
			);
			runOnlyForDeploymentPostprocessing = 0;
		};
/* End PBXSourcesBuildPhase section */

/* Begin PBXTargetDependency section */
		BBBDE90D2D5E896700CDCE10 /* PBXTargetDependency */ = {
			isa = PBXTargetDependency;
			target = BBBDE8FA2D5E896400CDCE10 /* Books */;
			targetProxy = BBBDE90C2D5E896700CDCE10 /* PBXContainerItemProxy */;
		};
/* End PBXTargetDependency section */

/* Begin XCBuildConfiguration section */
		BBBDE91E2D5E896700CDCE10 /* Release */ = {
			isa = XCBuildConfiguration;
			baseConfigurationReference = BBDDD3DF2D5F8D940063EDAF /* Release.xcconfig */;
			buildSettings = {
				ALWAYS_SEARCH_USER_PATHS = NO;
				ASSETCATALOG_COMPILER_GENERATE_SWIFT_ASSET_SYMBOL_EXTENSIONS = YES;
				CLANG_ANALYZER_NONNULL = YES;
				CLANG_ANALYZER_NUMBER_OBJECT_CONVERSION = YES_AGGRESSIVE;
				CLANG_CXX_LANGUAGE_STANDARD = "gnu++20";
				CLANG_ENABLE_MODULES = YES;
				CLANG_ENABLE_OBJC_ARC = YES;
				CLANG_ENABLE_OBJC_WEAK = YES;
				CLANG_WARN_BLOCK_CAPTURE_AUTORELEASING = YES;
				CLANG_WARN_BOOL_CONVERSION = YES;
				CLANG_WARN_COMMA = YES;
				CLANG_WARN_CONSTANT_CONVERSION = YES;
				CLANG_WARN_DEPRECATED_OBJC_IMPLEMENTATIONS = YES;
				CLANG_WARN_DIRECT_OBJC_ISA_USAGE = YES_ERROR;
				CLANG_WARN_DOCUMENTATION_COMMENTS = YES;
				CLANG_WARN_EMPTY_BODY = YES;
				CLANG_WARN_ENUM_CONVERSION = YES;
				CLANG_WARN_INFINITE_RECURSION = YES;
				CLANG_WARN_INT_CONVERSION = YES;
				CLANG_WARN_NON_LITERAL_NULL_CONVERSION = YES;
				CLANG_WARN_OBJC_IMPLICIT_RETAIN_SELF = YES;
				CLANG_WARN_OBJC_LITERAL_CONVERSION = YES;
				CLANG_WARN_OBJC_ROOT_CLASS = YES_ERROR;
				CLANG_WARN_QUOTED_INCLUDE_IN_FRAMEWORK_HEADER = YES;
				CLANG_WARN_RANGE_LOOP_ANALYSIS = YES;
				CLANG_WARN_STRICT_PROTOTYPES = YES;
				CLANG_WARN_SUSPICIOUS_MOVE = YES;
				CLANG_WARN_UNGUARDED_AVAILABILITY = YES_AGGRESSIVE;
				CLANG_WARN_UNREACHABLE_CODE = YES;
				CLANG_WARN__DUPLICATE_METHOD_MATCH = YES;
				COPY_PHASE_STRIP = NO;
				DEBUG_INFORMATION_FORMAT = "dwarf-with-dsym";
				ENABLE_NS_ASSERTIONS = NO;
				ENABLE_STRICT_OBJC_MSGSEND = YES;
				ENABLE_USER_SCRIPT_SANDBOXING = YES;
				GCC_C_LANGUAGE_STANDARD = gnu17;
				GCC_NO_COMMON_BLOCKS = YES;
				GCC_WARN_64_TO_32_BIT_CONVERSION = YES;
				GCC_WARN_ABOUT_RETURN_TYPE = YES_ERROR;
				GCC_WARN_UNDECLARED_SELECTOR = YES;
				GCC_WARN_UNINITIALIZED_AUTOS = YES_AGGRESSIVE;
				GCC_WARN_UNUSED_FUNCTION = YES;
				GCC_WARN_UNUSED_VARIABLE = YES;
				INFOPLIST_FILE = Info.plist;
				IPHONEOS_DEPLOYMENT_TARGET = 17.0;
				LOCALIZATION_PREFERS_STRING_CATALOGS = YES;
				MTL_ENABLE_DEBUG_INFO = NO;
				MTL_FAST_MATH = YES;
				SDKROOT = iphoneos;
				SWIFT_COMPILATION_MODE = wholemodule;
				VALIDATE_PRODUCT = YES;
			};
			name = Release;
		};
		BBBDE9212D5E896700CDCE10 /* Release */ = {
			isa = XCBuildConfiguration;
			buildSettings = {
				ASSETCATALOG_COMPILER_APPICON_NAME = AppIcon;
				ASSETCATALOG_COMPILER_GLOBAL_ACCENT_COLOR_NAME = "";
				CODE_SIGN_STYLE = Automatic;
				CURRENT_PROJECT_VERSION = 1;
				DEVELOPMENT_ASSET_PATHS = "";
				DEVELOPMENT_TEAM = FR9Z5KU44J;
				ENABLE_PREVIEWS = YES;
				GENERATE_INFOPLIST_FILE = YES;
				INFOPLIST_KEY_UIApplicationSceneManifest_Generation = YES;
				INFOPLIST_KEY_UIApplicationSupportsIndirectInputEvents = YES;
				INFOPLIST_KEY_UISupportedInterfaceOrientations = UIInterfaceOrientationPortrait;
				INFOPLIST_KEY_UISupportedInterfaceOrientations_iPad = "UIInterfaceOrientationLandscapeLeft UIInterfaceOrientationLandscapeRight UIInterfaceOrientationPortrait UIInterfaceOrientationPortraitUpsideDown";
				INFOPLIST_KEY_UIUserInterfaceStyle = Light;
				IPHONEOS_DEPLOYMENT_TARGET = 17.0;
				LD_RUNPATH_SEARCH_PATHS = (
					"$(inherited)",
					"@executable_path/Frameworks",
				);
				MARKETING_VERSION = 1.0;
				PRODUCT_BUNDLE_IDENTIFIER = com.amor.Books;
				PRODUCT_NAME = "$(TARGET_NAME)";
				SUPPORTED_PLATFORMS = "iphoneos iphonesimulator";
				SUPPORTS_MACCATALYST = NO;
				SUPPORTS_MAC_DESIGNED_FOR_IPHONE_IPAD = NO;
				SUPPORTS_XR_DESIGNED_FOR_IPHONE_IPAD = NO;
				SWIFT_EMIT_LOC_STRINGS = YES;
				SWIFT_VERSION = 5.0;
				TARGETED_DEVICE_FAMILY = 1;
			};
			name = Release;
		};
		BBBDE9242D5E896700CDCE10 /* Release */ = {
			isa = XCBuildConfiguration;
			buildSettings = {
				ALWAYS_EMBED_SWIFT_STANDARD_LIBRARIES = YES;
				BUNDLE_LOADER = "$(TEST_HOST)";
				CODE_SIGN_STYLE = Automatic;
				CURRENT_PROJECT_VERSION = 1;
				DEVELOPMENT_TEAM = FR9Z5KU44J;
				GENERATE_INFOPLIST_FILE = YES;
				IPHONEOS_DEPLOYMENT_TARGET = 17.2;
				MARKETING_VERSION = 1.0;
				PRODUCT_BUNDLE_IDENTIFIER = com.amor.BooksTests;
				PRODUCT_NAME = "$(TARGET_NAME)";
				SWIFT_EMIT_LOC_STRINGS = NO;
				SWIFT_VERSION = 5.0;
				TARGETED_DEVICE_FAMILY = "1,2";
				TEST_HOST = "$(BUILT_PRODUCTS_DIR)/Books.app/$(BUNDLE_EXECUTABLE_FOLDER_PATH)/Books";
			};
			name = Release;
		};
		BBDDD3E02D5F8DB20063EDAF /* Development */ = {
			isa = XCBuildConfiguration;
			baseConfigurationReference = BBDDD3DE2D5F8D340063EDAF /* Development.xcconfig */;
			buildSettings = {
				ALWAYS_SEARCH_USER_PATHS = NO;
				ASSETCATALOG_COMPILER_GENERATE_SWIFT_ASSET_SYMBOL_EXTENSIONS = YES;
				CLANG_ANALYZER_NONNULL = YES;
				CLANG_ANALYZER_NUMBER_OBJECT_CONVERSION = YES_AGGRESSIVE;
				CLANG_CXX_LANGUAGE_STANDARD = "gnu++20";
				CLANG_ENABLE_MODULES = YES;
				CLANG_ENABLE_OBJC_ARC = YES;
				CLANG_ENABLE_OBJC_WEAK = YES;
				CLANG_WARN_BLOCK_CAPTURE_AUTORELEASING = YES;
				CLANG_WARN_BOOL_CONVERSION = YES;
				CLANG_WARN_COMMA = YES;
				CLANG_WARN_CONSTANT_CONVERSION = YES;
				CLANG_WARN_DEPRECATED_OBJC_IMPLEMENTATIONS = YES;
				CLANG_WARN_DIRECT_OBJC_ISA_USAGE = YES_ERROR;
				CLANG_WARN_DOCUMENTATION_COMMENTS = YES;
				CLANG_WARN_EMPTY_BODY = YES;
				CLANG_WARN_ENUM_CONVERSION = YES;
				CLANG_WARN_INFINITE_RECURSION = YES;
				CLANG_WARN_INT_CONVERSION = YES;
				CLANG_WARN_NON_LITERAL_NULL_CONVERSION = YES;
				CLANG_WARN_OBJC_IMPLICIT_RETAIN_SELF = YES;
				CLANG_WARN_OBJC_LITERAL_CONVERSION = YES;
				CLANG_WARN_OBJC_ROOT_CLASS = YES_ERROR;
				CLANG_WARN_QUOTED_INCLUDE_IN_FRAMEWORK_HEADER = YES;
				CLANG_WARN_RANGE_LOOP_ANALYSIS = YES;
				CLANG_WARN_STRICT_PROTOTYPES = YES;
				CLANG_WARN_SUSPICIOUS_MOVE = YES;
				CLANG_WARN_UNGUARDED_AVAILABILITY = YES_AGGRESSIVE;
				CLANG_WARN_UNREACHABLE_CODE = YES;
				CLANG_WARN__DUPLICATE_METHOD_MATCH = YES;
				COPY_PHASE_STRIP = NO;
				DEBUG_INFORMATION_FORMAT = dwarf;
				ENABLE_STRICT_OBJC_MSGSEND = YES;
				ENABLE_TESTABILITY = YES;
				ENABLE_USER_SCRIPT_SANDBOXING = YES;
				GCC_C_LANGUAGE_STANDARD = gnu17;
				GCC_DYNAMIC_NO_PIC = NO;
				GCC_NO_COMMON_BLOCKS = YES;
				GCC_OPTIMIZATION_LEVEL = 0;
				GCC_PREPROCESSOR_DEFINITIONS = (
					"DEBUG=1",
					"$(inherited)",
				);
				GCC_WARN_64_TO_32_BIT_CONVERSION = YES;
				GCC_WARN_ABOUT_RETURN_TYPE = YES_ERROR;
				GCC_WARN_UNDECLARED_SELECTOR = YES;
				GCC_WARN_UNINITIALIZED_AUTOS = YES_AGGRESSIVE;
				GCC_WARN_UNUSED_FUNCTION = YES;
				GCC_WARN_UNUSED_VARIABLE = YES;
				INFOPLIST_FILE = Info.plist;
				IPHONEOS_DEPLOYMENT_TARGET = 17.0;
				LOCALIZATION_PREFERS_STRING_CATALOGS = YES;
				MTL_ENABLE_DEBUG_INFO = INCLUDE_SOURCE;
				MTL_FAST_MATH = YES;
				ONLY_ACTIVE_ARCH = YES;
				SDKROOT = iphoneos;
				SWIFT_ACTIVE_COMPILATION_CONDITIONS = "DEBUG $(inherited)";
				SWIFT_OPTIMIZATION_LEVEL = "-Onone";
			};
			name = Development;
		};
		BBDDD3E12D5F8DB20063EDAF /* Development */ = {
			isa = XCBuildConfiguration;
			buildSettings = {
				ASSETCATALOG_COMPILER_APPICON_NAME = AppIcon;
				ASSETCATALOG_COMPILER_GLOBAL_ACCENT_COLOR_NAME = "";
				CODE_SIGN_STYLE = Automatic;
				CURRENT_PROJECT_VERSION = 1;
				DEVELOPMENT_ASSET_PATHS = "";
				DEVELOPMENT_TEAM = FR9Z5KU44J;
				ENABLE_PREVIEWS = YES;
				GENERATE_INFOPLIST_FILE = YES;
				INFOPLIST_KEY_UIApplicationSceneManifest_Generation = YES;
				INFOPLIST_KEY_UIApplicationSupportsIndirectInputEvents = YES;
				INFOPLIST_KEY_UISupportedInterfaceOrientations = UIInterfaceOrientationPortrait;
				INFOPLIST_KEY_UISupportedInterfaceOrientations_iPad = "UIInterfaceOrientationLandscapeLeft UIInterfaceOrientationLandscapeRight UIInterfaceOrientationPortrait UIInterfaceOrientationPortraitUpsideDown";
				INFOPLIST_KEY_UIUserInterfaceStyle = Light;
				IPHONEOS_DEPLOYMENT_TARGET = 17.0;
				LD_RUNPATH_SEARCH_PATHS = (
					"$(inherited)",
					"@executable_path/Frameworks",
				);
				MARKETING_VERSION = 1.0;
				PRODUCT_BUNDLE_IDENTIFIER = com.amor.Books;
				PRODUCT_NAME = "$(TARGET_NAME)";
				SUPPORTED_PLATFORMS = "iphoneos iphonesimulator";
				SUPPORTS_MACCATALYST = NO;
				SUPPORTS_MAC_DESIGNED_FOR_IPHONE_IPAD = NO;
				SUPPORTS_XR_DESIGNED_FOR_IPHONE_IPAD = NO;
				SWIFT_EMIT_LOC_STRINGS = YES;
				SWIFT_VERSION = 5.0;
				TARGETED_DEVICE_FAMILY = 1;
			};
			name = Development;
		};
		BBDDD3E22D5F8DB20063EDAF /* Development */ = {
			isa = XCBuildConfiguration;
			buildSettings = {
				ALWAYS_EMBED_SWIFT_STANDARD_LIBRARIES = YES;
				BUNDLE_LOADER = "$(TEST_HOST)";
				CODE_SIGN_STYLE = Automatic;
				CURRENT_PROJECT_VERSION = 1;
				DEVELOPMENT_TEAM = FR9Z5KU44J;
				GENERATE_INFOPLIST_FILE = YES;
				IPHONEOS_DEPLOYMENT_TARGET = 17.2;
				MARKETING_VERSION = 1.0;
				PRODUCT_BUNDLE_IDENTIFIER = com.amor.BooksTests;
				PRODUCT_NAME = "$(TARGET_NAME)";
				SWIFT_EMIT_LOC_STRINGS = NO;
				SWIFT_VERSION = 5.0;
				TARGETED_DEVICE_FAMILY = "1,2";
				TEST_HOST = "$(BUILT_PRODUCTS_DIR)/Books.app/$(BUNDLE_EXECUTABLE_FOLDER_PATH)/Books";
			};
			name = Development;
		};
/* End XCBuildConfiguration section */

/* Begin XCConfigurationList section */
		BBBDE8F62D5E896400CDCE10 /* Build configuration list for PBXProject "Books" */ = {
			isa = XCConfigurationList;
			buildConfigurations = (
				BBDDD3E02D5F8DB20063EDAF /* Development */,
				BBBDE91E2D5E896700CDCE10 /* Release */,
			);
			defaultConfigurationIsVisible = 0;
			defaultConfigurationName = Release;
		};
		BBBDE91F2D5E896700CDCE10 /* Build configuration list for PBXNativeTarget "Books" */ = {
			isa = XCConfigurationList;
			buildConfigurations = (
				BBDDD3E12D5F8DB20063EDAF /* Development */,
				BBBDE9212D5E896700CDCE10 /* Release */,
			);
			defaultConfigurationIsVisible = 0;
			defaultConfigurationName = Release;
		};
		BBBDE9222D5E896700CDCE10 /* Build configuration list for PBXNativeTarget "BooksTests" */ = {
			isa = XCConfigurationList;
			buildConfigurations = (
				BBDDD3E22D5F8DB20063EDAF /* Development */,
				BBBDE9242D5E896700CDCE10 /* Release */,
			);
			defaultConfigurationIsVisible = 0;
			defaultConfigurationName = Release;
		};
/* End XCConfigurationList section */

/* Begin XCSwiftPackageProductDependency section */
		BB4387A72D5FAFBE0089DD64 /* Feature */ = {
			isa = XCSwiftPackageProductDependency;
			productName = Feature;
		};
		BB4387AC2D5FF4B70089DD64 /* Navigation */ = {
			isa = XCSwiftPackageProductDependency;
			productName = Navigation;
		};
/* End XCSwiftPackageProductDependency section */
	};
	rootObject = BBBDE8F32D5E896400CDCE10 /* Project object */;
}
